{
	"name": "4x4builder-server",
	"version": "1.0.0",
	"lockfileVersion": 3,
	"requires": true,
	"packages": {
		"": {
			"name": "4x4builder-server",
			"version": "1.0.0",
			"dependencies": {
				"uuid": "^14.0.1",
				"ws": "^8.21.0"
			},
			"engines": {
				"node": ">=20.0.0"
			}
		},
		"node_modules/uuid": {
			"version": "14.0.1",
			"resolved": "https://registry.npmjs.org/uuid/-/uuid-14.0.1.tgz",
			"integrity": "sha512-6ZxzVpzDXDa3bJWaHilVayA+BH/1zmxCJoVgvmqJnid/gPoKHxUrS/aC/T6LGQtNHT+XHG9fXPJB4d+IrU30Ew==",
			"funding": [
				"https://github.com/sponsors/broofa",
				"https://github.com/sponsors/ctavan"
			],
			"license": "MIT",
			"bin": {
				"uuid": "dist-node/bin/uuid"
			}
		},
		"node_modules/ws": {
			"version": "8.21.1",
			"resolved": "https://registry.npmjs.org/ws/-/ws-8.21.1.tgz",
			"integrity": "sha512-+0NTnW77fFN/DjQi6k/Sq/Yvk4Sgajw7urW8V+asjXnRgDs9gyGkdb7EzgfhA4goXsRIZKE28fzIXBHEzhuiWw==",
			"license": "MIT",
			"engines": {
				"node": ">=10.0.0"
			},
			"peerDependencies": {
				"bufferutil": "^4.0.1",
				"utf-8-validate": ">=5.0.2"
			},
			"peerDependenciesMeta": {
				"bufferutil": {
					"optional": true
				},
				"utf-8-validate": {
					"optional": true
				}
			}
		}
	}
}
